// !$*UTF8*$!
{
	archiveVersion = 1;
	classes = {
	};
	objectVersion = 56;
	objects = {

/* Begin PBXBuildFile section */
		925077652A24918200979D13 /* AppDelegate.m in Sources */ = {isa = PBXBuildFile; fileRef = 925077642A24918200979D13 /* AppDelegate.m */; };
		925077682A24918200979D13 /* SceneDelegate.m in Sources */ = {isa = PBXBuildFile; fileRef = 925077672A24918200979D13 /* SceneDelegate.m */; };
		9250776B2A24918200979D13 /* ViewController.m in Sources */ = {isa = PBXBuildFile; fileRef = 9250776A2A24918200979D13 /* ViewController.m */; };
		9250776E2A24918200979D13 /* Main.storyboard in Resources */ = {isa = PBXBuildFile; fileRef = 9250776C2A24918200979D13 /* Main.storyboard */; };
		925077702A24918300979D13 /* Assets.xcassets in Resources */ = {isa = PBXBuildFile; fileRef = 9250776F2A24918300979D13 /* Assets.xcassets */; };
		925077732A24918300979D13 /* LaunchScreen.storyboard in Resources */ = {isa = PBXBuildFile; fileRef = 925077712A24918300979D13 /* LaunchScreen.storyboard */; };
		925077762A24918300979D13 /* main.m in Sources */ = {isa = PBXBuildFile; fileRef = 925077752A24918300979D13 /* main.m */; };
		925077802A24918300979D13 /* StackViewTests.m in Sources */ = {isa = PBXBuildFile; fileRef = 9250777F2A24918300979D13 /* StackViewTests.m */; };
		9250778A2A24918300979D13 /* StackViewUITests.m in Sources */ = {isa = PBXBuildFile; fileRef = 925077892A24918300979D13 /* StackViewUITests.m */; };
		9250778C2A24918300979D13 /* StackViewUITestsLaunchTests.m in Sources */ = {isa = PBXBuildFile; fileRef = 9250778B2A24918300979D13 /* StackViewUITestsLaunchTests.m */; };
		9250779C2A2491CF00979D13 /* JZStackedView.m in Sources */ = {isa = PBXBuildFile; fileRef = 925077992A24919700979D13 /* JZStackedView.m */; };
/* End PBXBuildFile section */

/* Begin PBXContainerItemProxy section */
		9250777C2A24918300979D13 /* PBXContainerItemProxy */ = {
			isa = PBXContainerItemProxy;
			containerPortal = 925077582A24918200979D13 /* Project object */;
			proxyType = 1;
			remoteGlobalIDString = 9250775F2A24918200979D13;
			remoteInfo = StackView;
		};
		925077862A24918300979D13 /* PBXContainerItemProxy */ = {
			isa = PBXContainerItemProxy;
			containerPortal = 925077582A24918200979D13 /* Project object */;
			proxyType = 1;
			remoteGlobalIDString = 9250775F2A24918200979D13;
			remoteInfo = StackView;
		};
/* End PBXContainerItemProxy section */

/* Begin PBXFileReference section */
		925077602A24918200979D13 /* StackView.app */ = {isa = PBXFileReference; explicitFileType = wrapper.application; includeInIndex = 0; path = StackView.app; sourceTree = BUILT_PRODUCTS_DIR; };
		925077632A24918200979D13 /* AppDelegate.h */ = {isa = PBXFileReference; lastKnownFileType = sourcecode.c.h; path = AppDelegate.h; sourceTree = "<group>"; };
		925077642A24918200979D13 /* AppDelegate.m */ = {isa = PBXFileReference; lastKnownFileType = sourcecode.c.objc; path = AppDelegate.m; sourceTree = "<group>"; };
		925077662A24918200979D13 /* SceneDelegate.h */ = {isa = PBXFileReference; lastKnownFileType = sourcecode.c.h; path = SceneDelegate.h; sourceTree = "<group>"; };
		925077672A24918200979D13 /* SceneDelegate.m */ = {isa = PBXFileReference; lastKnownFileType = sourcecode.c.objc; path = SceneDelegate.m; sourceTree = "<group>"; };
		925077692A24918200979D13 /* ViewController.h */ = {isa = PBXFileReference; lastKnownFileType = sourcecode.c.h; path = ViewController.h; sourceTree = "<group>"; };
		9250776A2A24918200979D13 /* ViewController.m */ = {isa = PBXFileReference; lastKnownFileType = sourcecode.c.objc; path = ViewController.m; sourceTree = "<group>"; };
		9250776D2A24918200979D13 /* Base */ = {isa = PBXFileReference; lastKnownFileType = file.storyboard; name = Base; path = Base.lproj/Main.storyboard; sourceTree = "<group>"; };
		9250776F2A24918300979D13 /* Assets.xcassets */ = {isa = PBXFileReference; lastKnownFileType = folder.assetcatalog; path = Assets.xcassets; sourceTree = "<group>"; };
		925077722A24918300979D13 /* Base */ = {isa = PBXFileReference; lastKnownFileType = file.storyboard; name = Base; path = Base.lproj/LaunchScreen.storyboard; sourceTree = "<group>"; };
		925077742A24918300979D13 /* Info.plist */ = {isa = PBXFileReference; lastKnownFileType = text.plist.xml; path = Info.plist; sourceTree = "<group>"; };
		925077752A24918300979D13 /* main.m */ = {isa = PBXFileReference; lastKnownFileType = sourcecode.c.objc; path = main.m; sourceTree = "<group>"; };
		9250777B2A24918300979D13 /* StackViewTests.xctest */ = {isa = PBXFileReference; explicitFileType = wrapper.cfbundle; includeInIndex = 0; path = StackViewTests.xctest; sourceTree = BUILT_PRODUCTS_DIR; };
		9250777F2A24918300979D13 /* StackViewTests.m */ = {isa = PBXFileReference; lastKnownFileType = sourcecode.c.objc; path = StackViewTests.m; sourceTree = "<group>"; };
		925077852A24918300979D13 /* StackViewUITests.xctest */ = {isa = PBXFileReference; explicitFileType = wrapper.cfbundle; includeInIndex = 0; path = StackViewUITests.xctest; sourceTree = BUILT_PRODUCTS_DIR; };
		925077892A24918300979D13 /* StackViewUITests.m */ = {isa = PBXFileReference; lastKnownFileType = sourcecode.c.objc; path = StackViewUITests.m; sourceTree = "<group>"; };
		9250778B2A24918300979D13 /* StackViewUITestsLaunchTests.m */ = {isa = PBXFileReference; lastKnownFileType = sourcecode.c.objc; path = StackViewUITestsLaunchTests.m; sourceTree = "<group>"; };
		925077992A24919700979D13 /* JZStackedView.m */ = {isa = PBXFileReference; lastKnownFileType = sourcecode.c.objc; path = JZStackedView.m; sourceTree = "<group>"; };
		9250779A2A24919700979D13 /* .gitkeep */ = {isa = PBXFileReference; lastKnownFileType = text; path = .gitkeep; sourceTree = "<group>"; };
		9250779B2A24919700979D13 /* JZStackedView.h */ = {isa = PBXFileReference; lastKnownFileType = sourcecode.c.h; path = JZStackedView.h; sourceTree = "<group>"; };
/* End PBXFileReference section */

/* Begin PBXFrameworksBuildPhase section */
		9250775D2A24918200979D13 /* Frameworks */ = {
			isa = PBXFrameworksBuildPhase;
			buildActionMask = 2147483647;
			files = (
			);
			runOnlyForDeploymentPostprocessing = 0;
		};
		925077782A24918300979D13 /* Frameworks */ = {
			isa = PBXFrameworksBuildPhase;
			buildActionMask = 2147483647;
			files = (
			);
			runOnlyForDeploymentPostprocessing = 0;
		};
		925077822A24918300979D13 /* Frameworks */ = {
			isa = PBXFrameworksBuildPhase;
			buildActionMask = 2147483647;
			files = (
			);
			runOnlyForDeploymentPostprocessing = 0;
		};
/* End PBXFrameworksBuildPhase section */

/* Begin PBXGroup section */
		925077572A24918200979D13 = {
			isa = PBXGroup;
			children = (
				925077622A24918200979D13 /* StackView */,
				9250777E2A24918300979D13 /* StackViewTests */,
				925077882A24918300979D13 /* StackViewUITests */,
				925077612A24918200979D13 /* Products */,
			);
			sourceTree = "<group>";
		};
		925077612A24918200979D13 /* Products */ = {
			isa = PBXGroup;
			children = (
				925077602A24918200979D13 /* StackView.app */,
				9250777B2A24918300979D13 /* StackViewTests.xctest */,
				925077852A24918300979D13 /* StackViewUITests.xctest */,
			);
			name = Products;
			sourceTree = "<group>";
		};
		925077622A24918200979D13 /* StackView */ = {
			isa = PBXGroup;
			children = (
				925077982A24919700979D13 /* Classes */,
				925077632A24918200979D13 /* AppDelegate.h */,
				925077642A24918200979D13 /* AppDelegate.m */,
				925077662A24918200979D13 /* SceneDelegate.h */,
				925077672A24918200979D13 /* SceneDelegate.m */,
				925077692A24918200979D13 /* ViewController.h */,
				9250776A2A24918200979D13 /* ViewController.m */,
				9250776C2A24918200979D13 /* Main.storyboard */,
				9250776F2A24918300979D13 /* Assets.xcassets */,
				925077712A24918300979D13 /* LaunchScreen.storyboard */,
				925077742A24918300979D13 /* Info.plist */,
				925077752A24918300979D13 /* main.m */,
			);
			path = StackView;
			sourceTree = "<group>";
		};
		9250777E2A24918300979D13 /* StackViewTests */ = {
			isa = PBXGroup;
			children = (
				9250777F2A24918300979D13 /* StackViewTests.m */,
			);
			path = StackViewTests;
			sourceTree = "<group>";
		};
		925077882A24918300979D13 /* StackViewUITests */ = {
			isa = PBXGroup;
			children = (
				925077892A24918300979D13 /* StackViewUITests.m */,
				9250778B2A24918300979D13 /* StackViewUITestsLaunchTests.m */,
			);
			path = StackViewUITests;
			sourceTree = "<group>";
		};
		925077982A24919700979D13 /* Classes */ = {
			isa = PBXGroup;
			children = (
				9250779A2A24919700979D13 /* .gitkeep */,
				9250779B2A24919700979D13 /* JZStackedView.h */,
				925077992A24919700979D13 /* JZStackedView.m */,
			);
			path = Classes;
			sourceTree = "<group>";
		};
/* End PBXGroup section */

/* Begin PBXNativeTarget section */
		9250775F2A24918200979D13 /* StackView */ = {
			isa = PBXNativeTarget;
			buildConfigurationList = 9250778F2A24918300979D13 /* Build configuration list for PBXNativeTarget "StackView" */;
			buildPhases = (
				9250775C2A24918200979D13 /* Sources */,
				9250775D2A24918200979D13 /* Frameworks */,
				9250775E2A24918200979D13 /* Resources */,
			);
			buildRules = (
			);
			dependencies = (
			);
			name = StackView;
			productName = StackView;
			productReference = 925077602A24918200979D13 /* StackView.app */;
			productType = "com.apple.product-type.application";
		};
		9250777A2A24918300979D13 /* StackViewTests */ = {
			isa = PBXNativeTarget;
			buildConfigurationList = 925077922A24918300979D13 /* Build configuration list for PBXNativeTarget "StackViewTests" */;
			buildPhases = (
				925077772A24918300979D13 /* Sources */,
				925077782A24918300979D13 /* Frameworks */,
				925077792A24918300979D13 /* Resources */,
			);
			buildRules = (
			);
			dependencies = (
				9250777D2A24918300979D13 /* PBXTargetDependency */,
			);
			name = StackViewTests;
			productName = StackViewTests;
			productReference = 9250777B2A24918300979D13 /* StackViewTests.xctest */;
			productType = "com.apple.product-type.bundle.unit-test";
		};
		925077842A24918300979D13 /* StackViewUITests */ = {
			isa = PBXNativeTarget;
			buildConfigurationList = 925077952A24918300979D13 /* Build configuration list for PBXNativeTarget "StackViewUITests" */;
			buildPhases = (
				925077812A24918300979D13 /* Sources */,
				925077822A24918300979D13 /* Frameworks */,
				925077832A24918300979D13 /* Resources */,
			);
			buildRules = (
			);
			dependencies = (
				925077872A24918300979D13 /* PBXTargetDependency */,
			);
			name = StackViewUITests;
			productName = StackViewUITests;
			productReference = 925077852A24918300979D13 /* StackViewUITests.xctest */;
			productType = "com.apple.product-type.bundle.ui-testing";
		};
/* End PBXNativeTarget section */

/* Begin PBXProject section */
		925077582A24918200979D13 /* Project object */ = {
			isa = PBXProject;
			attributes = {
				BuildIndependentTargetsInParallel = 1;
				LastUpgradeCheck = 1420;
				TargetAttributes = {
					9250775F2A24918200979D13 = {
						CreatedOnToolsVersion = 14.2;
					};
					9250777A2A24918300979D13 = {
						CreatedOnToolsVersion = 14.2;
						TestTargetID = 9250775F2A24918200979D13;
					};
					925077842A24918300979D13 = {
						CreatedOnToolsVersion = 14.2;
						TestTargetID = 9250775F2A24918200979D13;
					};
				};
			};
			buildConfigurationList = 9250775B2A24918200979D13 /* Build configuration list for PBXProject "StackView" */;
			compatibilityVersion = "Xcode 14.0";
			developmentRegion = en;
			hasScannedForEncodings = 0;
			knownRegions = (
				en,
				Base,
			);
			mainGroup = 925077572A24918200979D13;
			productRefGroup = 925077612A24918200979D13 /* Products */;
			projectDirPath = "";
			projectRoot = "";
			targets = (
				9250775F2A24918200979D13 /* StackView */,
				9250777A2A24918300979D13 /* StackViewTests */,
				925077842A24918300979D13 /* StackViewUITests */,
			);
		};
/* End PBXProject section */

/* Begin PBXResourcesBuildPhase section */
		9250775E2A24918200979D13 /* Resources */ = {
			isa = PBXResourcesBuildPhase;
			buildActionMask = 2147483647;
			files = (
				925077732A24918300979D13 /* LaunchScreen.storyboard in Resources */,
				925077702A24918300979D13 /* Assets.xcassets in Resources */,
				9250776E2A24918200979D13 /* Main.storyboard in Resources */,
			);
			runOnlyForDeploymentPostprocessing = 0;
		};
		925077792A24918300979D13 /* Resources */ = {
			isa = PBXResourcesBuildPhase;
			buildActionMask = 2147483647;
			files = (
			);
			runOnlyForDeploymentPostprocessing = 0;
		};
		925077832A24918300979D13 /* Resources */ = {
			isa = PBXResourcesBuildPhase;
			buildActionMask = 2147483647;
			files = (
			);
			runOnlyForDeploymentPostprocessing = 0;
		};
/* End PBXResourcesBuildPhase section */

/* Begin PBXSourcesBuildPhase section */
		9250775C2A24918200979D13 /* Sources */ = {
			isa = PBXSourcesBuildPhase;
			buildActionMask = 2147483647;
			files = (
				9250779C2A2491CF00979D13 /* JZStackedView.m in Sources */,
				9250776B2A24918200979D13 /* ViewController.m in Sources */,
				925077652A24918200979D13 /* AppDelegate.m in Sources */,
				925077762A24918300979D13 /* main.m in Sources */,
				925077682A24918200979D13 /* SceneDelegate.m in Sources */,
			);
			runOnlyForDeploymentPostprocessing = 0;
		};
		925077772A24918300979D13 /* Sources */ = {
			isa = PBXSourcesBuildPhase;
			buildActionMask = 2147483647;
			files = (
				925077802A24918300979D13 /* StackViewTests.m in Sources */,
			);
			runOnlyForDeploymentPostprocessing = 0;
		};
		925077812A24918300979D13 /* Sources */ = {
			isa = PBXSourcesBuildPhase;
			buildActionMask = 2147483647;
			files = (
				9250778C2A24918300979D13 /* StackViewUITestsLaunchTests.m in Sources */,
				9250778A2A24918300979D13 /* StackViewUITests.m in Sources */,
			);
			runOnlyForDeploymentPostprocessing = 0;
		};
/* End PBXSourcesBuildPhase section */

/* Begin PBXTargetDependency section */
		9250777D2A24918300979D13 /* PBXTargetDependency */ = {
			isa = PBXTargetDependency;
			target = 9250775F2A24918200979D13 /* StackView */;
			targetProxy = 9250777C2A24918300979D13 /* PBXContainerItemProxy */;
		};
		925077872A24918300979D13 /* PBXTargetDependency */ = {
			isa = PBXTargetDependency;
			target = 9250775F2A24918200979D13 /* StackView */;
			targetProxy = 925077862A24918300979D13 /* PBXContainerItemProxy */;
		};
/* End PBXTargetDependency section */

/* Begin PBXVariantGroup section */
		9250776C2A24918200979D13 /* Main.storyboard */ = {
			isa = PBXVariantGroup;
			children = (
				9250776D2A24918200979D13 /* Base */,
			);
			name = Main.storyboard;
			sourceTree = "<group>";
		};
		925077712A24918300979D13 /* LaunchScreen.storyboard */ = {
			isa = PBXVariantGroup;
			children = (
				925077722A24918300979D13 /* Base */,
			);
			name = LaunchScreen.storyboard;
			sourceTree = "<group>";
		};
/* End PBXVariantGroup section */

/* Begin XCBuildConfiguration section */
		9250778D2A24918300979D13 /* Debug */ = {
			isa = XCBuildConfiguration;
			buildSettings = {
				ALWAYS_SEARCH_USER_PATHS = NO;
				CLANG_ANALYZER_NONNULL = YES;
				CLANG_ANALYZER_NUMBER_OBJECT_CONVERSION = YES_AGGRESSIVE;
				CLANG_CXX_LANGUAGE_STANDARD = "gnu++20";
				CLANG_ENABLE_MODULES = YES;
				CLANG_ENABLE_OBJC_ARC = YES;
				CLANG_ENABLE_OBJC_WEAK = YES;
				CLANG_WARN_BLOCK_CAPTURE_AUTORELEASING = YES;
				CLANG_WARN_BOOL_CONVERSION = YES;
				CLANG_WARN_COMMA = YES;
				CLANG_WARN_CONSTANT_CONVERSION = YES;
				CLANG_WARN_DEPRECATED_OBJC_IMPLEMENTATIONS = YES;
				CLANG_WARN_DIRECT_OBJC_ISA_USAGE = YES_ERROR;
				CLANG_WARN_DOCUMENTATION_COMMENTS = YES;
				CLANG_WARN_EMPTY_BODY = YES;
				CLANG_WARN_ENUM_CONVERSION = YES;
				CLANG_WARN_INFINITE_RECURSION = YES;
				CLANG_WARN_INT_CONVERSION = YES;
				CLANG_WARN_NON_LITERAL_NULL_CONVERSION = YES;
				CLANG_WARN_OBJC_IMPLICIT_RETAIN_SELF = YES;
				CLANG_WARN_OBJC_LITERAL_CONVERSION = YES;
				CLANG_WARN_OBJC_ROOT_CLASS = YES_ERROR;
				CLANG_WARN_QUOTED_INCLUDE_IN_FRAMEWORK_HEADER = YES;
				CLANG_WARN_RANGE_LOOP_ANALYSIS = YES;
				CLANG_WARN_STRICT_PROTOTYPES = YES;
				CLANG_WARN_SUSPICIOUS_MOVE = YES;
				CLANG_WARN_UNGUARDED_AVAILABILITY = YES_AGGRESSIVE;
				CLANG_WARN_UNREACHABLE_CODE = YES;
				CLANG_WARN__DUPLICATE_METHOD_MATCH = YES;
				COPY_PHASE_STRIP = NO;
				DEBUG_INFORMATION_FORMAT = dwarf;
				ENABLE_STRICT_OBJC_MSGSEND = YES;
				ENABLE_TESTABILITY = YES;
				GCC_C_LANGUAGE_STANDARD = gnu11;
				GCC_DYNAMIC_NO_PIC = NO;
				GCC_NO_COMMON_BLOCKS = YES;
				GCC_OPTIMIZATION_LEVEL = 0;
				GCC_PREPROCESSOR_DEFINITIONS = (
					"DEBUG=1",
					"$(inherited)",
				);
				GCC_WARN_64_TO_32_BIT_CONVERSION = YES;
				GCC_WARN_ABOUT_RETURN_TYPE = YES_ERROR;
				GCC_WARN_UNDECLARED_SELECTOR = YES;
				GCC_WARN_UNINITIALIZED_AUTOS = YES_AGGRESSIVE;
				GCC_WARN_UNUSED_FUNCTION = YES;
				GCC_WARN_UNUSED_VARIABLE = YES;
				IPHONEOS_DEPLOYMENT_TARGET = 16.2;
				MTL_ENABLE_DEBUG_INFO = INCLUDE_SOURCE;
				MTL_FAST_MATH = YES;
				ONLY_ACTIVE_ARCH = YES;
				SDKROOT = iphoneos;
			};
			name = Debug;
		};
		9250778E2A24918300979D13 /* Release */ = {
			isa = XCBuildConfiguration;
			buildSettings = {
				ALWAYS_SEARCH_USER_PATHS = NO;
				CLANG_ANALYZER_NONNULL = YES;
				CLANG_ANALYZER_NUMBER_OBJECT_CONVERSION = YES_AGGRESSIVE;
				CLANG_CXX_LANGUAGE_STANDARD = "gnu++20";
				CLANG_ENABLE_MODULES = YES;
				CLANG_ENABLE_OBJC_ARC = YES;
				CLANG_ENABLE_OBJC_WEAK = YES;
				CLANG_WARN_BLOCK_CAPTURE_AUTORELEASING = YES;
				CLANG_WARN_BOOL_CONVERSION = YES;
				CLANG_WARN_COMMA = YES;
				CLANG_WARN_CONSTANT_CONVERSION = YES;
				CLANG_WARN_DEPRECATED_OBJC_IMPLEMENTATIONS = YES;
				CLANG_WARN_DIRECT_OBJC_ISA_USAGE = YES_ERROR;
				CLANG_WARN_DOCUMENTATION_COMMENTS = YES;
				CLANG_WARN_EMPTY_BODY = YES;
				CLANG_WARN_ENUM_CONVERSION = YES;
				CLANG_WARN_INFINITE_RECURSION = YES;
				CLANG_WARN_INT_CONVERSION = YES;
				CLANG_WARN_NON_LITERAL_NULL_CONVERSION = YES;
				CLANG_WARN_OBJC_IMPLICIT_RETAIN_SELF = YES;
				CLANG_WARN_OBJC_LITERAL_CONVERSION = YES;
				CLANG_WARN_OBJC_ROOT_CLASS = YES_ERROR;
				CLANG_WARN_QUOTED_INCLUDE_IN_FRAMEWORK_HEADER = YES;
				CLANG_WARN_RANGE_LOOP_ANALYSIS = YES;
				CLANG_WARN_STRICT_PROTOTYPES = YES;
				CLANG_WARN_SUSPICIOUS_MOVE = YES;
				CLANG_WARN_UNGUARDED_AVAILABILITY = YES_AGGRESSIVE;
				CLANG_WARN_UNREACHABLE_CODE = YES;
				CLANG_WARN__DUPLICATE_METHOD_MATCH = YES;
				COPY_PHASE_STRIP = NO;
				DEBUG_INFORMATION_FORMAT = "dwarf-with-dsym";
				ENABLE_NS_ASSERTIONS = NO;
				ENABLE_STRICT_OBJC_MSGSEND = YES;
				GCC_C_LANGUAGE_STANDARD = gnu11;
				GCC_NO_COMMON_BLOCKS = YES;
				GCC_WARN_64_TO_32_BIT_CONVERSION = YES;
				GCC_WARN_ABOUT_RETURN_TYPE = YES_ERROR;
				GCC_WARN_UNDECLARED_SELECTOR = YES;
				GCC_WARN_UNINITIALIZED_AUTOS = YES_AGGRESSIVE;
				GCC_WARN_UNUSED_FUNCTION = YES;
				GCC_WARN_UNUSED_VARIABLE = YES;
				IPHONEOS_DEPLOYMENT_TARGET = 16.2;
				MTL_ENABLE_DEBUG_INFO = NO;
				MTL_FAST_MATH = YES;
				SDKROOT = iphoneos;
				VALIDATE_PRODUCT = YES;
			};
			name = Release;
		};
		925077902A24918300979D13 /* Debug */ = {
			isa = XCBuildConfiguration;
			buildSettings = {
				ASSETCATALOG_COMPILER_APPICON_NAME = AppIcon;
				ASSETCATALOG_COMPILER_GLOBAL_ACCENT_COLOR_NAME = AccentColor;
				CODE_SIGN_STYLE = Automatic;
				CURRENT_PROJECT_VERSION = 1;
				DEVELOPMENT_TEAM = 3784GFJPKK;
				GENERATE_INFOPLIST_FILE = YES;
				INFOPLIST_FILE = StackView/Info.plist;
				INFOPLIST_KEY_UIApplicationSupportsIndirectInputEvents = YES;
				INFOPLIST_KEY_UILaunchStoryboardName = LaunchScreen;
				INFOPLIST_KEY_UIMainStoryboardFile = Main;
				INFOPLIST_KEY_UISupportedInterfaceOrientations_iPad = "UIInterfaceOrientationPortrait UIInterfaceOrientationPortraitUpsideDown UIInterfaceOrientationLandscapeLeft UIInterfaceOrientationLandscapeRight";
				INFOPLIST_KEY_UISupportedInterfaceOrientations_iPhone = "UIInterfaceOrientationPortrait UIInterfaceOrientationLandscapeLeft UIInterfaceOrientationLandscapeRight";
				IPHONEOS_DEPLOYMENT_TARGET = 11.0;
				LD_RUNPATH_SEARCH_PATHS = (
					"$(inherited)",
					"@executable_path/Frameworks",
				);
				MARKETING_VERSION = 1.0;
				PRODUCT_BUNDLE_IDENTIFIER = com.young.StackView;
				PRODUCT_NAME = "$(TARGET_NAME)";
				SWIFT_EMIT_LOC_STRINGS = YES;
				TARGETED_DEVICE_FAMILY = "1,2";
			};
			name = Debug;
		};
		925077912A24918300979D13 /* Release */ = {
			isa = XCBuildConfiguration;
			buildSettings = {
				ASSETCATALOG_COMPILER_APPICON_NAME = AppIcon;
				ASSETCATALOG_COMPILER_GLOBAL_ACCENT_COLOR_NAME = AccentColor;
				CODE_SIGN_STYLE = Automatic;
				CURRENT_PROJECT_VERSION = 1;
				DEVELOPMENT_TEAM = 3784GFJPKK;
				GENERATE_INFOPLIST_FILE = YES;
				INFOPLIST_FILE = StackView/Info.plist;
				INFOPLIST_KEY_UIApplicationSupportsIndirectInputEvents = YES;
				INFOPLIST_KEY_UILaunchStoryboardName = LaunchScreen;
				INFOPLIST_KEY_UIMainStoryboardFile = Main;
				INFOPLIST_KEY_UISupportedInterfaceOrientations_iPad = "UIInterfaceOrientationPortrait UIInterfaceOrientationPortraitUpsideDown UIInterfaceOrientationLandscapeLeft UIInterfaceOrientationLandscapeRight";
				INFOPLIST_KEY_UISupportedInterfaceOrientations_iPhone = "UIInterfaceOrientationPortrait UIInterfaceOrientationLandscapeLeft UIInterfaceOrientationLandscapeRight";
				IPHONEOS_DEPLOYMENT_TARGET = 11.0;
				LD_RUNPATH_SEARCH_PATHS = (
					"$(inherited)",
					"@executable_path/Frameworks",
				);
				MARKETING_VERSION = 1.0;
				PRODUCT_BUNDLE_IDENTIFIER = com.young.StackView;
				PRODUCT_NAME = "$(TARGET_NAME)";
				SWIFT_EMIT_LOC_STRINGS = YES;
				TARGETED_DEVICE_FAMILY = "1,2";
			};
			name = Release;
		};
		925077932A24918300979D13 /* Debug */ = {
			isa = XCBuildConfiguration;
			buildSettings = {
				BUNDLE_LOADER = "$(TEST_HOST)";
				CODE_SIGN_STYLE = Automatic;
				CURRENT_PROJECT_VERSION = 1;
				DEVELOPMENT_TEAM = 3784GFJPKK;
				GENERATE_INFOPLIST_FILE = YES;
				IPHONEOS_DEPLOYMENT_TARGET = 16.2;
				MARKETING_VERSION = 1.0;
				PRODUCT_BUNDLE_IDENTIFIER = com.young.StackViewTests;
				PRODUCT_NAME = "$(TARGET_NAME)";
				SWIFT_EMIT_LOC_STRINGS = NO;
				TARGETED_DEVICE_FAMILY = "1,2";
				TEST_HOST = "$(BUILT_PRODUCTS_DIR)/StackView.app/$(BUNDLE_EXECUTABLE_FOLDER_PATH)/StackView";
			};
			name = Debug;
		};
		925077942A24918300979D13 /* Release */ = {
			isa = XCBuildConfiguration;
			buildSettings = {
				BUNDLE_LOADER = "$(TEST_HOST)";
				CODE_SIGN_STYLE = Automatic;
				CURRENT_PROJECT_VERSION = 1;
				DEVELOPMENT_TEAM = 3784GFJPKK;
				GENERATE_INFOPLIST_FILE = YES;
				IPHONEOS_DEPLOYMENT_TARGET = 16.2;
				MARKETING_VERSION = 1.0;
				PRODUCT_BUNDLE_IDENTIFIER = com.young.StackViewTests;
				PRODUCT_NAME = "$(TARGET_NAME)";
				SWIFT_EMIT_LOC_STRINGS = NO;
				TARGETED_DEVICE_FAMILY = "1,2";
				TEST_HOST = "$(BUILT_PRODUCTS_DIR)/StackView.app/$(BUNDLE_EXECUTABLE_FOLDER_PATH)/StackView";
			};
			name = Release;
		};
		925077962A24918300979D13 /* Debug */ = {
			isa = XCBuildConfiguration;
			buildSettings = {
				CODE_SIGN_STYLE = Automatic;
				CURRENT_PROJECT_VERSION = 1;
				DEVELOPMENT_TEAM = 3784GFJPKK;
				GENERATE_INFOPLIST_FILE = YES;
				MARKETING_VERSION = 1.0;
				PRODUCT_BUNDLE_IDENTIFIER = com.young.StackViewUITests;
				PRODUCT_NAME = "$(TARGET_NAME)";
				SWIFT_EMIT_LOC_STRINGS = NO;
				TARGETED_DEVICE_FAMILY = "1,2";
				TEST_TARGET_NAME = StackView;
			};
			name = Debug;
		};
		925077972A24918300979D13 /* Release */ = {
			isa = XCBuildConfiguration;
			buildSettings = {
				CODE_SIGN_STYLE = Automatic;
				CURRENT_PROJECT_VERSION = 1;
				DEVELOPMENT_TEAM = 3784GFJPKK;
				GENERATE_INFOPLIST_FILE = YES;
				MARKETING_VERSION = 1.0;
				PRODUCT_BUNDLE_IDENTIFIER = com.young.StackViewUITests;
				PRODUCT_NAME = "$(TARGET_NAME)";
				SWIFT_EMIT_LOC_STRINGS = NO;
				TARGETED_DEVICE_FAMILY = "1,2";
				TEST_TARGET_NAME = StackView;
			};
			name = Release;
		};
/* End XCBuildConfiguration section */

/* Begin XCConfigurationList section */
		9250775B2A24918200979D13 /* Build configuration list for PBXProject "StackView" */ = {
			isa = XCConfigurationList;
			buildConfigurations = (
				9250778D2A24918300979D13 /* Debug */,
				9250778E2A24918300979D13 /* Release */,
			);
			defaultConfigurationIsVisible = 0;
			defaultConfigurationName = Release;
		};
		9250778F2A24918300979D13 /* Build configuration list for PBXNativeTarget "StackView" */ = {
			isa = XCConfigurationList;
			buildConfigurations = (
				925077902A24918300979D13 /* Debug */,
				925077912A24918300979D13 /* Release */,
			);
			defaultConfigurationIsVisible = 0;
			defaultConfigurationName = Release;
		};
		925077922A24918300979D13 /* Build configuration list for PBXNativeTarget "StackViewTests" */ = {
			isa = XCConfigurationList;
			buildConfigurations = (
				925077932A24918300979D13 /* Debug */,
				925077942A24918300979D13 /* Release */,
			);
			defaultConfigurationIsVisible = 0;
			defaultConfigurationName = Release;
		};
		925077952A24918300979D13 /* Build configuration list for PBXNativeTarget "StackViewUITests" */ = {
			isa = XCConfigurationList;
			buildConfigurations = (
				925077962A24918300979D13 /* Debug */,
				925077972A24918300979D13 /* Release */,
			);
			defaultConfigurationIsVisible = 0;
			defaultConfigurationName = Release;
		};
/* End XCConfigurationList section */
	};
	rootObject = 925077582A24918200979D13 /* Project object */;
}
